
Microsoft Visual Studio Solution File, Format Version 12.00
# Visual Studio 15
VisualStudioVersion = 15.0.26124.0
MinimumVisualStudioVersion = 15.0.26124.0
Project("{FAE04EC0-301F-11D3-BF4B-00C04F79EFBC}") = "mrsauravsahu.api", "mrsauravsahu.api\mrsauravsahu.api.csproj", "{3AA10158-85A8-498E-83FC-F7597865E79F}"
EndProject
Project("{FAE04EC0-301F-11D3-BF4B-00C04F79EFBC}") = "mrsauravsahu.services", "mrsauravsahu.services\mrsauravsahu.services.csproj", "{309B8061-C296-43FA-9C9B-60B1A1E45FB9}"
EndProject
Project("{FAE04EC0-301F-11D3-BF4B-00C04F79EFBC}") = "mrsauravsahu.services.tests", "mrsauravsahu.services.tests\mrsauravsahu.services.tests.csproj", "{560D1459-C53F-449A-B59F-9B3C192987A6}"
EndProject
Project("{FAE04EC0-301F-11D3-BF4B-00C04F79EFBC}") = "mrsauravsahu.data", "mrsauravsahu.data\mrsauravsahu.data.csproj", "{D760D273-BB60-4556-AE78-F1AFB98DE529}"
EndProject
Global
	GlobalSection(SolutionConfigurationPlatforms) = preSolution
		Debug|Any CPU = Debug|Any CPU
		Debug|x64 = Debug|x64
		Debug|x86 = Debug|x86
		Release|Any CPU = Release|Any CPU
		Release|x64 = Release|x64
		Release|x86 = Release|x86
	EndGlobalSection
	GlobalSection(SolutionProperties) = preSolution
		HideSolutionNode = FALSE
	EndGlobalSection
	GlobalSection(ProjectConfigurationPlatforms) = postSolution
		{3AA10158-85A8-498E-83FC-F7597865E79F}.Debug|Any CPU.ActiveCfg = Debug|Any CPU
		{3AA10158-85A8-498E-83FC-F7597865E79F}.Debug|Any CPU.Build.0 = Debug|Any CPU
		{3AA10158-85A8-498E-83FC-F7597865E79F}.Debug|x64.ActiveCfg = Debug|Any CPU
		{3AA10158-85A8-498E-83FC-F7597865E79F}.Debug|x64.Build.0 = Debug|Any CPU
		{3AA10158-85A8-498E-83FC-F7597865E79F}.Debug|x86.ActiveCfg = Debug|Any CPU
		{3AA10158-85A8-498E-83FC-F7597865E79F}.Debug|x86.Build.0 = Debug|Any CPU
		{3AA10158-85A8-498E-83FC-F7597865E79F}.Release|Any CPU.ActiveCfg = Release|Any CPU
		{3AA10158-85A8-498E-83FC-F7597865E79F}.Release|Any CPU.Build.0 = Release|Any CPU
		{3AA10158-85A8-498E-83FC-F7597865E79F}.Release|x64.ActiveCfg = Release|Any CPU
		{3AA10158-85A8-498E-83FC-F7597865E79F}.Release|x64.Build.0 = Release|Any CPU
		{3AA10158-85A8-498E-83FC-F7597865E79F}.Release|x86.ActiveCfg = Release|Any CPU
		{3AA10158-85A8-498E-83FC-F7597865E79F}.Release|x86.Build.0 = Release|Any CPU
		{309B8061-C296-43FA-9C9B-60B1A1E45FB9}.Debug|Any CPU.ActiveCfg = Debug|Any CPU
		{309B8061-C296-43FA-9C9B-60B1A1E45FB9}.Debug|Any CPU.Build.0 = Debug|Any CPU
		{309B8061-C296-43FA-9C9B-60B1A1E45FB9}.Debug|x64.ActiveCfg = Debug|Any CPU
		{309B8061-C296-43FA-9C9B-60B1A1E45FB9}.Debug|x64.Build.0 = Debug|Any CPU
		{309B8061-C296-43FA-9C9B-60B1A1E45FB9}.Debug|x86.ActiveCfg = Debug|Any CPU
		{309B8061-C296-43FA-9C9B-60B1A1E45FB9}.Debug|x86.Build.0 = Debug|Any CPU
		{309B8061-C296-43FA-9C9B-60B1A1E45FB9}.Release|Any CPU.ActiveCfg = Release|Any CPU
		{309B8061-C296-43FA-9C9B-60B1A1E45FB9}.Release|Any CPU.Build.0 = Release|Any CPU
		{309B8061-C296-43FA-9C9B-60B1A1E45FB9}.Release|x64.ActiveCfg = Release|Any CPU
		{309B8061-C296-43FA-9C9B-60B1A1E45FB9}.Release|x64.Build.0 = Release|Any CPU
		{309B8061-C296-43FA-9C9B-60B1A1E45FB9}.Release|x86.ActiveCfg = Release|Any CPU
		{309B8061-C296-43FA-9C9B-60B1A1E45FB9}.Release|x86.Build.0 = Release|Any CPU
		{560D1459-C53F-449A-B59F-9B3C192987A6}.Debug|Any CPU.ActiveCfg = Debug|Any CPU
		{560D1459-C53F-449A-B59F-9B3C192987A6}.Debug|Any CPU.Build.0 = Debug|Any CPU
		{560D1459-C53F-449A-B59F-9B3C192987A6}.Debug|x64.ActiveCfg = Debug|Any CPU
		{560D1459-C53F-449A-B59F-9B3C192987A6}.Debug|x64.Build.0 = Debug|Any CPU
		{560D1459-C53F-449A-B59F-9B3C192987A6}.Debug|x86.ActiveCfg = Debug|Any CPU
		{560D1459-C53F-449A-B59F-9B3C192987A6}.Debug|x86.Build.0 = Debug|Any CPU
		{560D1459-C53F-449A-B59F-9B3C192987A6}.Release|Any CPU.ActiveCfg = Release|Any CPU
		{560D1459-C53F-449A-B59F-9B3C192987A6}.Release|Any CPU.Build.0 = Release|Any CPU
		{560D1459-C53F-449A-B59F-9B3C192987A6}.Release|x64.ActiveCfg = Release|Any CPU
		{560D1459-C53F-449A-B59F-9B3C192987A6}.Release|x64.Build.0 = Release|Any CPU
		{560D1459-C53F-449A-B59F-9B3C192987A6}.Release|x86.ActiveCfg = Release|Any CPU
		{560D1459-C53F-449A-B59F-9B3C192987A6}.Release|x86.Build.0 = Release|Any CPU
		{D760D273-BB60-4556-AE78-F1AFB98DE529}.Debug|Any CPU.ActiveCfg = Debug|Any CPU
		{D760D273-BB60-4556-AE78-F1AFB98DE529}.Debug|Any CPU.Build.0 = Debug|Any CPU
		{D760D273-BB60-4556-AE78-F1AFB98DE529}.Debug|x64.ActiveCfg = Debug|Any CPU
		{D760D273-BB60-4556-AE78-F1AFB98DE529}.Debug|x64.Build.0 = Debug|Any CPU
		{D760D273-BB60-4556-AE78-F1AFB98DE529}.Debug|x86.ActiveCfg = Debug|Any CPU
		{D760D273-BB60-4556-AE78-F1AFB98DE529}.Debug|x86.Build.0 = Debug|Any CPU
		{D760D273-BB60-4556-AE78-F1AFB98DE529}.Release|Any CPU.ActiveCfg = Release|Any CPU
		{D760D273-BB60-4556-AE78-F1AFB98DE529}.Release|Any CPU.Build.0 = Release|Any CPU
		{D760D273-BB60-4556-AE78-F1AFB98DE529}.Release|x64.ActiveCfg = Release|Any CPU
		{D760D273-BB60-4556-AE78-F1AFB98DE529}.Release|x64.Build.0 = Release|Any CPU
		{D760D273-BB60-4556-AE78-F1AFB98DE529}.Release|x86.ActiveCfg = Release|Any CPU
		{D760D273-BB60-4556-AE78-F1AFB98DE529}.Release|x86.Build.0 = Release|Any CPU
	EndGlobalSection
EndGlobal
